// !$*UTF8*$!
{
	archiveVersion = 1;
	classes = {
	};
	objectVersion = 55;
	objects = {

/* Begin PBXBuildFile section */
		22C41BB427CFBB8500AAAF69 /* Alchemist_Formula_BookApp.swift in Sources */ = {isa = PBXBuildFile; fileRef = 22C41BB327CFBB8500AAAF69 /* Alchemist_Formula_BookApp.swift */; };
		22C41BB627CFBB8500AAAF69 /* ContentView.swift in Sources */ = {isa = PBXBuildFile; fileRef = 22C41BB527CFBB8500AAAF69 /* ContentView.swift */; };
		22C41BB827CFBB8600AAAF69 /* Assets.xcassets in Resources */ = {isa = PBXBuildFile; fileRef = 22C41BB727CFBB8600AAAF69 /* Assets.xcassets */; };
		22C41BBB27CFBB8600AAAF69 /* Preview Assets.xcassets in Resources */ = {isa = PBXBuildFile; fileRef = 22C41BBA27CFBB8600AAAF69 /* Preview Assets.xcassets */; };
		22C41BC227CFBB9200AAAF69 /* convertcsv.json in Resources */ = {isa = PBXBuildFile; fileRef = 22C41BC127CFBB9200AAAF69 /* convertcsv.json */; };
		22C41BC727CFBED000AAAF69 /* JSONEncodeDecode.swift in Sources */ = {isa = PBXBuildFile; fileRef = 22C41BC627CFBED000AAAF69 /* JSONEncodeDecode.swift */; };
		22C41BCA27CFCEE600AAAF69 /* bombs.json in Resources */ = {isa = PBXBuildFile; fileRef = 22C41BC327CFBB9800AAAF69 /* bombs.json */; };
/* End PBXBuildFile section */

/* Begin PBXFileReference section */
		22C41BB027CFBB8500AAAF69 /* Alchemist Formula Book.app */ = {isa = PBXFileReference; explicitFileType = wrapper.application; includeInIndex = 0; path = "Alchemist Formula Book.app"; sourceTree = BUILT_PRODUCTS_DIR; };
		22C41BB327CFBB8500AAAF69 /* Alchemist_Formula_BookApp.swift */ = {isa = PBXFileReference; lastKnownFileType = sourcecode.swift; path = Alchemist_Formula_BookApp.swift; sourceTree = "<group>"; };
		22C41BB527CFBB8500AAAF69 /* ContentView.swift */ = {isa = PBXFileReference; lastKnownFileType = sourcecode.swift; path = ContentView.swift; sourceTree = "<group>"; };
		22C41BB727CFBB8600AAAF69 /* Assets.xcassets */ = {isa = PBXFileReference; lastKnownFileType = folder.assetcatalog; path = Assets.xcassets; sourceTree = "<group>"; };
		22C41BBA27CFBB8600AAAF69 /* Preview Assets.xcassets */ = {isa = PBXFileReference; lastKnownFileType = folder.assetcatalog; path = "Preview Assets.xcassets"; sourceTree = "<group>"; };
		22C41BC127CFBB9200AAAF69 /* convertcsv.json */ = {isa = PBXFileReference; fileEncoding = 4; lastKnownFileType = text.json; name = convertcsv.json; path = ../../../../../Downloads/convertcsv.json; sourceTree = "<group>"; };
		22C41BC327CFBB9800AAAF69 /* bombs.json */ = {isa = PBXFileReference; lastKnownFileType = text.json; name = bombs.json; path = "/Users/sam/Documents/git/Alchemist Formula Book/Alchemist Formula Book/bombs.json"; sourceTree = "<absolute>"; };
		22C41BC627CFBED000AAAF69 /* JSONEncodeDecode.swift */ = {isa = PBXFileReference; lastKnownFileType = sourcecode.swift; path = JSONEncodeDecode.swift; sourceTree = "<group>"; };
/* End PBXFileReference section */

/* Begin PBXFrameworksBuildPhase section */
		22C41BAD27CFBB8500AAAF69 /* Frameworks */ = {
			isa = PBXFrameworksBuildPhase;
			buildActionMask = 2147483647;
			files = (
			);
			runOnlyForDeploymentPostprocessing = 0;
		};
/* End PBXFrameworksBuildPhase section */

/* Begin PBXGroup section */
		22C41BA727CFBB8500AAAF69 = {
			isa = PBXGroup;
			children = (
				22C41BB227CFBB8500AAAF69 /* Alchemist Formula Book */,
				22C41BB127CFBB8500AAAF69 /* Products */,
			);
			sourceTree = "<group>";
		};
		22C41BB127CFBB8500AAAF69 /* Products */ = {
			isa = PBXGroup;
			children = (
				22C41BB027CFBB8500AAAF69 /* Alchemist Formula Book.app */,
			);
			name = Products;
			sourceTree = "<group>";
		};
		22C41BB227CFBB8500AAAF69 /* Alchemist Formula Book */ = {
			isa = PBXGroup;
			children = (
				22C41BB327CFBB8500AAAF69 /* Alchemist_Formula_BookApp.swift */,
				22C41BB527CFBB8500AAAF69 /* ContentView.swift */,
				22C41BB727CFBB8600AAAF69 /* Assets.xcassets */,
				22C41BC327CFBB9800AAAF69 /* bombs.json */,
				22C41BC627CFBED000AAAF69 /* JSONEncodeDecode.swift */,
				22C41BB927CFBB8600AAAF69 /* Preview Content */,
			);
			path = "Alchemist Formula Book";
			sourceTree = "<group>";
		};
		22C41BB927CFBB8600AAAF69 /* Preview Content */ = {
			isa = PBXGroup;
			children = (
				22C41BC127CFBB9200AAAF69 /* convertcsv.json */,
				22C41BBA27CFBB8600AAAF69 /* Preview Assets.xcassets */,
			);
			path = "Preview Content";
			sourceTree = "<group>";
		};
/* End PBXGroup section */

/* Begin PBXNativeTarget section */
		22C41BAF27CFBB8500AAAF69 /* Alchemist Formula Book */ = {
			isa = PBXNativeTarget;
			buildConfigurationList = 22C41BBE27CFBB8600AAAF69 /* Build configuration list for PBXNativeTarget "Alchemist Formula Book" */;
			buildPhases = (
				22C41BAC27CFBB8500AAAF69 /* Sources */,
				22C41BAD27CFBB8500AAAF69 /* Frameworks */,
				22C41BAE27CFBB8500AAAF69 /* Resources */,
			);
			buildRules = (
			);
			dependencies = (
			);
			name = "Alchemist Formula Book";
			productName = "Alchemist Formula Book";
			productReference = 22C41BB027CFBB8500AAAF69 /* Alchemist Formula Book.app */;
			productType = "com.apple.product-type.application";
		};
/* End PBXNativeTarget section */

/* Begin PBXProject section */
		22C41BA827CFBB8500AAAF69 /* Project object */ = {
			isa = PBXProject;
			attributes = {
				BuildIndependentTargetsInParallel = 1;
				LastSwiftUpdateCheck = 1320;
				LastUpgradeCheck = 1320;
				TargetAttributes = {
					22C41BAF27CFBB8500AAAF69 = {
						CreatedOnToolsVersion = 13.2.1;
					};
				};
			};
			buildConfigurationList = 22C41BAB27CFBB8500AAAF69 /* Build configuration list for PBXProject "Alchemist Formula Book" */;
			compatibilityVersion = "Xcode 13.0";
			developmentRegion = en;
			hasScannedForEncodings = 0;
			knownRegions = (
				en,
				Base,
			);
			mainGroup = 22C41BA727CFBB8500AAAF69;
			productRefGroup = 22C41BB127CFBB8500AAAF69 /* Products */;
			projectDirPath = "";
			projectRoot = "";
			targets = (
				22C41BAF27CFBB8500AAAF69 /* Alchemist Formula Book */,
			);
		};
/* End PBXProject section */

/* Begin PBXResourcesBuildPhase section */
		22C41BAE27CFBB8500AAAF69 /* Resources */ = {
			isa = PBXResourcesBuildPhase;
			buildActionMask = 2147483647;
			files = (
				22C41BBB27CFBB8600AAAF69 /* Preview Assets.xcassets in Resources */,
				22C41BCA27CFCEE600AAAF69 /* bombs.json in Resources */,
				22C41BB827CFBB8600AAAF69 /* Assets.xcassets in Resources */,
				22C41BC227CFBB9200AAAF69 /* convertcsv.json in Resources */,
			);
			runOnlyForDeploymentPostprocessing = 0;
		};
/* End PBXResourcesBuildPhase section */

/* Begin PBXSourcesBuildPhase section */
		22C41BAC27CFBB8500AAAF69 /* Sources */ = {
			isa = PBXSourcesBuildPhase;
			buildActionMask = 2147483647;
			files = (
				22C41BB627CFBB8500AAAF69 /* ContentView.swift in Sources */,
				22C41BB427CFBB8500AAAF69 /* Alchemist_Formula_BookApp.swift in Sources */,
				22C41BC727CFBED000AAAF69 /* JSONEncodeDecode.swift in Sources */,
			);
			runOnlyForDeploymentPostprocessing = 0;
		};
/* End PBXSourcesBuildPhase section */

/* Begin XCBuildConfiguration section */
		22C41BBC27CFBB8600AAAF69 /* Debug */ = {
			isa = XCBuildConfiguration;
			buildSettings = {
				ALWAYS_SEARCH_USER_PATHS = NO;
				CLANG_ANALYZER_NONNULL = YES;
				CLANG_ANALYZER_NUMBER_OBJECT_CONVERSION = YES_AGGRESSIVE;
				CLANG_CXX_LANGUAGE_STANDARD = "gnu++17";
				CLANG_CXX_LIBRARY = "libc++";
				CLANG_ENABLE_MODULES = YES;
				CLANG_ENABLE_OBJC_ARC = YES;
				CLANG_ENABLE_OBJC_WEAK = YES;
				CLANG_WARN_BLOCK_CAPTURE_AUTORELEASING = YES;
				CLANG_WARN_BOOL_CONVERSION = YES;
				CLANG_WARN_COMMA = YES;
				CLANG_WARN_CONSTANT_CONVERSION = YES;
				CLANG_WARN_DEPRECATED_OBJC_IMPLEMENTATIONS = YES;
				CLANG_WARN_DIRECT_OBJC_ISA_USAGE = YES_ERROR;
				CLANG_WARN_DOCUMENTATION_COMMENTS = YES;
				CLANG_WARN_EMPTY_BODY = YES;
				CLANG_WARN_ENUM_CONVERSION = YES;
				CLANG_WARN_INFINITE_RECURSION = YES;
				CLANG_WARN_INT_CONVERSION = YES;
				CLANG_WARN_NON_LITERAL_NULL_CONVERSION = YES;
				CLANG_WARN_OBJC_IMPLICIT_RETAIN_SELF = YES;
				CLANG_WARN_OBJC_LITERAL_CONVERSION = YES;
				CLANG_WARN_OBJC_ROOT_CLASS = YES_ERROR;
				CLANG_WARN_QUOTED_INCLUDE_IN_FRAMEWORK_HEADER = YES;
				CLANG_WARN_RANGE_LOOP_ANALYSIS = YES;
				CLANG_WARN_STRICT_PROTOTYPES = YES;
				CLANG_WARN_SUSPICIOUS_MOVE = YES;
				CLANG_WARN_UNGUARDED_AVAILABILITY = YES_AGGRESSIVE;
				CLANG_WARN_UNREACHABLE_CODE = YES;
				CLANG_WARN__DUPLICATE_METHOD_MATCH = YES;
				COPY_PHASE_STRIP = NO;
				DEBUG_INFORMATION_FORMAT = dwarf;
				ENABLE_STRICT_OBJC_MSGSEND = YES;
				ENABLE_TESTABILITY = YES;
				GCC_C_LANGUAGE_STANDARD = gnu11;
				GCC_DYNAMIC_NO_PIC = NO;
				GCC_NO_COMMON_BLOCKS = YES;
				GCC_OPTIMIZATION_LEVEL = 0;
				GCC_PREPROCESSOR_DEFINITIONS = (
					"DEBUG=1",
					"$(inherited)",
				);
				GCC_WARN_64_TO_32_BIT_CONVERSION = YES;
				GCC_WARN_ABOUT_RETURN_TYPE = YES_ERROR;
				GCC_WARN_UNDECLARED_SELECTOR = YES;
				GCC_WARN_UNINITIALIZED_AUTOS = YES_AGGRESSIVE;
				GCC_WARN_UNUSED_FUNCTION = YES;
				GCC_WARN_UNUSED_VARIABLE = YES;
				IPHONEOS_DEPLOYMENT_TARGET = 15.2;
				MTL_ENABLE_DEBUG_INFO = INCLUDE_SOURCE;
				MTL_FAST_MATH = YES;
				ONLY_ACTIVE_ARCH = YES;
				SDKROOT = iphoneos;
				SWIFT_ACTIVE_COMPILATION_CONDITIONS = DEBUG;
				SWIFT_OPTIMIZATION_LEVEL = "-Onone";
			};
			name = Debug;
		};
		22C41BBD27CFBB8600AAAF69 /* Release */ = {
			isa = XCBuildConfiguration;
			buildSettings = {
				ALWAYS_SEARCH_USER_PATHS = NO;
				CLANG_ANALYZER_NONNULL = YES;
				CLANG_ANALYZER_NUMBER_OBJECT_CONVERSION = YES_AGGRESSIVE;
				CLANG_CXX_LANGUAGE_STANDARD = "gnu++17";
				CLANG_CXX_LIBRARY = "libc++";
				CLANG_ENABLE_MODULES = YES;
				CLANG_ENABLE_OBJC_ARC = YES;
				CLANG_ENABLE_OBJC_WEAK = YES;
				CLANG_WARN_BLOCK_CAPTURE_AUTORELEASING = YES;
				CLANG_WARN_BOOL_CONVERSION = YES;
				CLANG_WARN_COMMA = YES;
				CLANG_WARN_CONSTANT_CONVERSION = YES;
				CLANG_WARN_DEPRECATED_OBJC_IMPLEMENTATIONS = YES;
				CLANG_WARN_DIRECT_OBJC_ISA_USAGE = YES_ERROR;
				CLANG_WARN_DOCUMENTATION_COMMENTS = YES;
				CLANG_WARN_EMPTY_BODY = YES;
				CLANG_WARN_ENUM_CONVERSION = YES;
				CLANG_WARN_INFINITE_RECURSION = YES;
				CLANG_WARN_INT_CONVERSION = YES;
				CLANG_WARN_NON_LITERAL_NULL_CONVERSION = YES;
				CLANG_WARN_OBJC_IMPLICIT_RETAIN_SELF = YES;
				CLANG_WARN_OBJC_LITERAL_CONVERSION = YES;
				CLANG_WARN_OBJC_ROOT_CLASS = YES_ERROR;
				CLANG_WARN_QUOTED_INCLUDE_IN_FRAMEWORK_HEADER = YES;
				CLANG_WARN_RANGE_LOOP_ANALYSIS = YES;
				CLANG_WARN_STRICT_PROTOTYPES = YES;
				CLANG_WARN_SUSPICIOUS_MOVE = YES;
				CLANG_WARN_UNGUARDED_AVAILABILITY = YES_AGGRESSIVE;
				CLANG_WARN_UNREACHABLE_CODE = YES;
				CLANG_WARN__DUPLICATE_METHOD_MATCH = YES;
				COPY_PHASE_STRIP = NO;
				DEBUG_INFORMATION_FORMAT = "dwarf-with-dsym";
				ENABLE_NS_ASSERTIONS = NO;
				ENABLE_STRICT_OBJC_MSGSEND = YES;
				GCC_C_LANGUAGE_STANDARD = gnu11;
				GCC_NO_COMMON_BLOCKS = YES;
				GCC_WARN_64_TO_32_BIT_CONVERSION = YES;
				GCC_WARN_ABOUT_RETURN_TYPE = YES_ERROR;
				GCC_WARN_UNDECLARED_SELECTOR = YES;
				GCC_WARN_UNINITIALIZED_AUTOS = YES_AGGRESSIVE;
				GCC_WARN_UNUSED_FUNCTION = YES;
				GCC_WARN_UNUSED_VARIABLE = YES;
				IPHONEOS_DEPLOYMENT_TARGET = 15.2;
				MTL_ENABLE_DEBUG_INFO = NO;
				MTL_FAST_MATH = YES;
				SDKROOT = iphoneos;
				SWIFT_COMPILATION_MODE = wholemodule;
				SWIFT_OPTIMIZATION_LEVEL = "-O";
				VALIDATE_PRODUCT = YES;
			};
			name = Release;
		};
		22C41BBF27CFBB8600AAAF69 /* Debug */ = {
			isa = XCBuildConfiguration;
			buildSettings = {
				ASSETCATALOG_COMPILER_APPICON_NAME = AppIcon;
				ASSETCATALOG_COMPILER_GLOBAL_ACCENT_COLOR_NAME = AccentColor;
				CODE_SIGN_STYLE = Automatic;
				CURRENT_PROJECT_VERSION = 1;
				DEVELOPMENT_ASSET_PATHS = "\"Alchemist Formula Book/Preview Content\"";
				DEVELOPMENT_TEAM = P52H79BVAL;
				ENABLE_PREVIEWS = YES;
				GENERATE_INFOPLIST_FILE = YES;
				INFOPLIST_KEY_UIApplicationSceneManifest_Generation = YES;
				INFOPLIST_KEY_UIApplicationSupportsIndirectInputEvents = YES;
				INFOPLIST_KEY_UILaunchScreen_Generation = YES;
				INFOPLIST_KEY_UISupportedInterfaceOrientations_iPad = "UIInterfaceOrientationPortrait UIInterfaceOrientationPortraitUpsideDown UIInterfaceOrientationLandscapeLeft UIInterfaceOrientationLandscapeRight";
				INFOPLIST_KEY_UISupportedInterfaceOrientations_iPhone = "UIInterfaceOrientationPortrait UIInterfaceOrientationLandscapeLeft UIInterfaceOrientationLandscapeRight";
				LD_RUNPATH_SEARCH_PATHS = (
					"$(inherited)",
					"@executable_path/Frameworks",
				);
				MARKETING_VERSION = 1.0;
				PRODUCT_BUNDLE_IDENTIFIER = "co.samhutchings.Alchemist-Formula-Book";
				PRODUCT_NAME = "$(TARGET_NAME)";
				SWIFT_EMIT_LOC_STRINGS = YES;
				SWIFT_VERSION = 5.0;
				TARGETED_DEVICE_FAMILY = "1,2";
			};
			name = Debug;
		};
		22C41BC027CFBB8600AAAF69 /* Release */ = {
			isa = XCBuildConfiguration;
			buildSettings = {
				ASSETCATALOG_COMPILER_APPICON_NAME = AppIcon;
				ASSETCATALOG_COMPILER_GLOBAL_ACCENT_COLOR_NAME = AccentColor;
				CODE_SIGN_STYLE = Automatic;
				CURRENT_PROJECT_VERSION = 1;
				DEVELOPMENT_ASSET_PATHS = "\"Alchemist Formula Book/Preview Content\"";
				DEVELOPMENT_TEAM = P52H79BVAL;
				ENABLE_PREVIEWS = YES;
				GENERATE_INFOPLIST_FILE = YES;
				INFOPLIST_KEY_UIApplicationSceneManifest_Generation = YES;
				INFOPLIST_KEY_UIApplicationSupportsIndirectInputEvents = YES;
				INFOPLIST_KEY_UILaunchScreen_Generation = YES;
				INFOPLIST_KEY_UISupportedInterfaceOrientations_iPad = "UIInterfaceOrientationPortrait UIInterfaceOrientationPortraitUpsideDown UIInterfaceOrientationLandscapeLeft UIInterfaceOrientationLandscapeRight";
				INFOPLIST_KEY_UISupportedInterfaceOrientations_iPhone = "UIInterfaceOrientationPortrait UIInterfaceOrientationLandscapeLeft UIInterfaceOrientationLandscapeRight";
				LD_RUNPATH_SEARCH_PATHS = (
					"$(inherited)",
					"@executable_path/Frameworks",
				);
				MARKETING_VERSION = 1.0;
				PRODUCT_BUNDLE_IDENTIFIER = "co.samhutchings.Alchemist-Formula-Book";
				PRODUCT_NAME = "$(TARGET_NAME)";
				SWIFT_EMIT_LOC_STRINGS = YES;
				SWIFT_VERSION = 5.0;
				TARGETED_DEVICE_FAMILY = "1,2";
			};
			name = Release;
		};
/* End XCBuildConfiguration section */

/* Begin XCConfigurationList section */
		22C41BAB27CFBB8500AAAF69 /* Build configuration list for PBXProject "Alchemist Formula Book" */ = {
			isa = XCConfigurationList;
			buildConfigurations = (
				22C41BBC27CFBB8600AAAF69 /* Debug */,
				22C41BBD27CFBB8600AAAF69 /* Release */,
			);
			defaultConfigurationIsVisible = 0;
			defaultConfigurationName = Release;
		};
		22C41BBE27CFBB8600AAAF69 /* Build configuration list for PBXNativeTarget "Alchemist Formula Book" */ = {
			isa = XCConfigurationList;
			buildConfigurations = (
				22C41BBF27CFBB8600AAAF69 /* Debug */,
				22C41BC027CFBB8600AAAF69 /* Release */,
			);
			defaultConfigurationIsVisible = 0;
			defaultConfigurationName = Release;
		};
/* End XCConfigurationList section */
	};
	rootObject = 22C41BA827CFBB8500AAAF69 /* Project object */;
}
